Microsoft Visual Studio Solution File, Format Version 12.00
# Visual Studio Version 17
VisualStudioVersion = 17.5.2.0
MinimumVisualStudioVersion = 10.0.40219.1
Project("{FAE04EC0-301F-11D3-BF4B-00C04F79EFBC}") = "LinqQueryProjesi", "LinqQueryProjesi.csproj", "{A9F77D98-6297-1D42-6225-0460A46967A3}"
EndProject
Global
	GlobalSection(SolutionConfigurationPlatforms) = preSolution
		Debug|Any CPU = Debug|Any CPU
		Release|Any CPU = Release|Any CPU
	EndGlobalSection
	GlobalSection(ProjectConfigurationPlatforms) = postSolution
		{A9F77D98-6297-1D42-6225-0460A46967A3}.Debug|Any CPU.ActiveCfg = Debug|Any CPU
		{A9F77D98-6297-1D42-6225-0460A46967A3}.Debug|Any CPU.Build.0 = Debug|Any CPU
		{A9F77D98-6297-1D42-6225-0460A46967A3}.Release|Any CPU.ActiveCfg = Release|Any CPU
		{A9F77D98-6297-1D42-6225-0460A46967A3}.Release|Any CPU.Build.0 = Release|Any CPU
	EndGlobalSection
	GlobalSection(SolutionProperties) = preSolution
		HideSolutionNode = FALSE
	EndGlobalSection
	GlobalSection(ExtensibilityGlobals) = postSolution
		SolutionGuid = {E0B40A7A-9CE0-4EB8-97FB-B9A77AD02C27}
	EndGlobalSection
EndGlobal
