Microsoft Visual Studio Solution File, Format Version 12.00
# Visual Studio Version 17
VisualStudioVersion = 17.5.2.0
MinimumVisualStudioVersion = 10.0.40219.1
Project("{FAE04EC0-301F-11D3-BF4B-00C04F79EFBC}") = "Soyutlama", "Soyutlama.csproj", "{CF25D4D7-E792-CB89-BECF-0F3F8274E9EA}"
EndProject
Global
	GlobalSection(SolutionConfigurationPlatforms) = preSolution
		Debug|Any CPU = Debug|Any CPU
		Release|Any CPU = Release|Any CPU
	EndGlobalSection
	GlobalSection(ProjectConfigurationPlatforms) = postSolution
		{CF25D4D7-E792-CB89-BECF-0F3F8274E9EA}.Debug|Any CPU.ActiveCfg = Debug|Any CPU
		{CF25D4D7-E792-CB89-BECF-0F3F8274E9EA}.Debug|Any CPU.Build.0 = Debug|Any CPU
		{CF25D4D7-E792-CB89-BECF-0F3F8274E9EA}.Release|Any CPU.ActiveCfg = Release|Any CPU
		{CF25D4D7-E792-CB89-BECF-0F3F8274E9EA}.Release|Any CPU.Build.0 = Release|Any CPU
	EndGlobalSection
	GlobalSection(SolutionProperties) = preSolution
		HideSolutionNode = FALSE
	EndGlobalSection
	GlobalSection(ExtensibilityGlobals) = postSolution
		SolutionGuid = {B9DD4933-9AEF-4974-A688-A54089728472}
	EndGlobalSection
EndGlobal
